github.com/davecgh/go-spew v1.1.0 h1:ZDRjVQ15GmhC3fiQ8ni8+OwkZQO4DARzQgrnXU1Liz8=
github.com/davecgh/go-spew v1.1.0/go.mod h1:J7Y8YcW2NihsgmVo/mv3lAwl/skON4iLHjSsI+c5H38=
github.com/franela/goblin v0.0.0-20170111051028-2fa789fd0c6b h1:pFXMOmYgv60RqCPRU9v+jprPw88/oor7dQDykOfi17A=
github.com/franela/goblin v0.0.0-20170111051028-2fa789fd0c6b/go.mod h1:7dvUGVsVBjqR7JHJk0brhHOZYGmfBYOrK0ZhYMEtBr4=
github.com/getblank/uuid v0.0.0-20160519113122-af8bcd064446 h1:pqAb9q9WI7gYqAdHDVqJHT1XjnHDH7P4bUMW309Vpng=
github.com/getblank/uuid v0.0.0-20160519113122-af8bcd064446/go.mod h1:McMjHIFseo1OS8eA8AvlYSFxVtbUDNeMq7GKfSHbz24=
github.com/getblank/wango v0.0.0-20161019105944-d4225a993803 h1:VS8kHGH77tsOiGihL9nsJGScaa8wewcjNO85/OGrfxQ=
github.com/getblank/wango v0.0.0-20161019105944-d4225a993803/go.mod h1:O5QrzUBd9pXqJyN1LbToN1ZtyjLAa4pcgAJ5fYAYRuw=
github.com/pkg/errors v0.8.1-0.20170505043639-c605e284fe17 h1:+adyfd5YBtuLL2FbDEn0GitOinGeMH0levy3o62TMF0=
github.com/pkg/errors v0.8.1-0.20170505043639-c605e284fe17/go.mod h1:bwawxfHBFNV+L2hUp1rHADufV3IMtnDRdf1r5NINEl0=
github.com/pmezard/go-difflib v1.0.0 h1:4DBwDE0NGyQoBHbLQYPwSUPoCMWR5BEzIk/f1lZbAQM=
github.com/pmezard/go-difflib v1.0.0/go.mod h1:iKH77koFhYxTK1pcRnkKkqfTogsbg7gZNVY4sRDYZ/4=
github.com/sirupsen/logrus v0.11.6-0.20170504071019-5b60b3d3ee01 h1:HRX2pV6hEKILRRd7ytNydATWH5Vpqf048MfyIIIXYx4=
github.com/sirupsen/logrus v0.11.6-0.20170504071019-5b60b3d3ee01/go.mod h1:pMByvHTf9Beacp5x1UXfOR9xyW/9antXMhjMPG0dEzc=
github.com/spf13/afero v1.1.1 h1:Lt3ihYMlE+lreX1GS4Qw4ZsNpYQLxIXKBTEOXm3nt6I=
github.com/spf13/afero v1.1.1/go.mod h1:j4pytiNVoe2o6bmDsKpLACNPDBIoEAkihy7loJ1B0CQ=
github.com/stretchr/objx v0.1.0/go.mod h1:HFkY916IF+rwdDfMAkV7OtwuqBVzrE8GR6GFx+wExME=
github.com/stretchr/testify v1.7.0 h1:nwc3DEeHmmLAfoZucVR881uASk0Mfjw8xYJ99tb5CcY=
github.com/stretchr/testify v1.7.0/go.mod h1:6Fq8oRcR53rry900zMqJjRRixrwX3KX962/h/Wwjteg=
golang.org/x/net v0.0.0-20170510032826-c9b681d35165 h1:8jFq3K6wfb02me42+4QW6J/LKa7z6LqxG4Nk30cJ6L4=
golang.org/x/net v0.0.0-20170510032826-c9b681d35165/go.mod h1:mL1N/T3taQHkDXs73rZJwtUhF3w3ftmwwsq0BUmARs4=
golang.org/x/sys v0.0.0-20211103235746-7861aae1554b h1:1VkfZQv42XQlA/jchYumAnv1UPo6RgF9rJFkTgZIxO4=
golang.org/x/sys v0.0.0-20211103235746-7861aae1554b/go.mod h1:oPkhp1MJrh7nUepCBck5+mAzfO9JrbApNNgaTdGDITg=
golang.org/x/text v0.0.0-20170427093521-470f45bf29f4 h1:8fwxlIjs7C5MgPSVG+/5qOMnAnwSJ77RAfeJH2Wb7q0=
golang.org/x/text v0.0.0-20170427093521-470f45bf29f4/go.mod h1:NqM8EUOU14njkJ3fqMW+pc6Ldnwhi/IjpwHt7yyuwOQ=
gopkg.in/check.v1 v0.0.0-20161208181325-20d25e280405/go.mod h1:Co6ibVJAznAaIkqp8huTwlJQCZ016jof/cbN4VW5Yz0=
gopkg.in/yaml.v3 v3.0.0-20200313102051-9f266ea9e77c h1:dUUwHk2QECo/6vqA44rthZ8ie2QXMNeKRTHCNY2nXvo=
gopkg.in/yaml.v3 v3.0.0-20200313102051-9f266ea9e77c/go.mod h1:K4uyk7z7BCEPqu6E+C64Yfv1cQ7kz7rIZviUmN+EgEM=
